
Microsoft Visual Studio Solution File, Format Version 12.00
# Visual Studio Version 16
VisualStudioVersion = 16.0.28803.156
MinimumVisualStudioVersion = 10.0.40219.1
Project("{FAE04EC0-301F-11D3-BF4B-00C04F79EFBC}") = "WebApiApp.PL", "WebApiApp.PL\WebApiApp.PL.csproj", "{48689B42-1BF6-440A-972B-F4798363518A}"
EndProject
Project("{FAE04EC0-301F-11D3-BF4B-00C04F79EFBC}") = "WebApiApp.DL", "WebApiApp.DL\WebApiApp.DL.csproj", "{F2064927-74DB-491D-8980-D49E004A7AD5}"
EndProject
Project("{FAE04EC0-301F-11D3-BF4B-00C04F79EFBC}") = "WebApiApp.BL", "WebApiApp.BL\WebApiApp.BL.csproj", "{4F313DAB-EEB4-4E50-B52A-C133362D4DD2}"
EndProject
Global
	GlobalSection(SolutionConfigurationPlatforms) = preSolution
		Debug|Any CPU = Debug|Any CPU
		Release|Any CPU = Release|Any CPU
	EndGlobalSection
	GlobalSection(ProjectConfigurationPlatforms) = postSolution
		{48689B42-1BF6-440A-972B-F4798363518A}.Debug|Any CPU.ActiveCfg = Debug|Any CPU
		{48689B42-1BF6-440A-972B-F4798363518A}.Debug|Any CPU.Build.0 = Debug|Any CPU
		{48689B42-1BF6-440A-972B-F4798363518A}.Release|Any CPU.ActiveCfg = Release|Any CPU
		{48689B42-1BF6-440A-972B-F4798363518A}.Release|Any CPU.Build.0 = Release|Any CPU
		{F2064927-74DB-491D-8980-D49E004A7AD5}.Debug|Any CPU.ActiveCfg = Debug|Any CPU
		{F2064927-74DB-491D-8980-D49E004A7AD5}.Debug|Any CPU.Build.0 = Debug|Any CPU
		{F2064927-74DB-491D-8980-D49E004A7AD5}.Release|Any CPU.ActiveCfg = Release|Any CPU
		{F2064927-74DB-491D-8980-D49E004A7AD5}.Release|Any CPU.Build.0 = Release|Any CPU
		{4F313DAB-EEB4-4E50-B52A-C133362D4DD2}.Debug|Any CPU.ActiveCfg = Debug|Any CPU
		{4F313DAB-EEB4-4E50-B52A-C133362D4DD2}.Debug|Any CPU.Build.0 = Debug|Any CPU
		{4F313DAB-EEB4-4E50-B52A-C133362D4DD2}.Release|Any CPU.ActiveCfg = Release|Any CPU
		{4F313DAB-EEB4-4E50-B52A-C133362D4DD2}.Release|Any CPU.Build.0 = Release|Any CPU
	EndGlobalSection
	GlobalSection(SolutionProperties) = preSolution
		HideSolutionNode = FALSE
	EndGlobalSection
	GlobalSection(ExtensibilityGlobals) = postSolution
		SolutionGuid = {34DB8438-533E-46A7-A33F-E2C28D3A772B}
	EndGlobalSection
EndGlobal
